
Microsoft Visual Studio Solution File, Format Version 12.00
# Visual Studio 14
VisualStudioVersion = 14.0.24720.0
MinimumVisualStudioVersion = 10.0.40219.1
Project("{FAE04EC0-301F-11D3-BF4B-00C04F79EFBC}") = "UniversalNotificator-Xamarin", "UniversalNotificator-Xamarin\UniversalNotificator-Xamarin.csproj", "{E53DE28E-2BE6-42A3-9B3F-8800BFBB4616}"
EndProject
Project("{FAE04EC0-301F-11D3-BF4B-00C04F79EFBC}") = "UnitTests", "UnitTests\UnitTests.csproj", "{F303310D-7FA4-456B-B56A-BEBED650C133}"
EndProject
Project("{FAE04EC0-301F-11D3-BF4B-00C04F79EFBC}") = "NotificatorHost", "NotificatorHost\NotificatorHost.csproj", "{9C0E6C0F-43E8-4E58-B02D-7292BC3E340F}"
EndProject
Project("{FAE04EC0-301F-11D3-BF4B-00C04F79EFBC}") = "Model", "Model\Model.csproj", "{CC5354E0-22E4-4C2C-996F-C99C73C0C040}"
EndProject
Global
	GlobalSection(SolutionConfigurationPlatforms) = preSolution
		Debug_x86|Any CPU = Debug_x86|Any CPU
		Debug_x86|x86 = Debug_x86|x86
		Debug|Any CPU = Debug|Any CPU
		Debug|x86 = Debug|x86
		Release|Any CPU = Release|Any CPU
		Release|x86 = Release|x86
	EndGlobalSection
	GlobalSection(ProjectConfigurationPlatforms) = postSolution
		{E53DE28E-2BE6-42A3-9B3F-8800BFBB4616}.Debug_x86|Any CPU.ActiveCfg = Debug|Any CPU
		{E53DE28E-2BE6-42A3-9B3F-8800BFBB4616}.Debug_x86|Any CPU.Build.0 = Debug|Any CPU
		{E53DE28E-2BE6-42A3-9B3F-8800BFBB4616}.Debug_x86|Any CPU.Deploy.0 = Debug|Any CPU
		{E53DE28E-2BE6-42A3-9B3F-8800BFBB4616}.Debug_x86|x86.ActiveCfg = Debug|x86
		{E53DE28E-2BE6-42A3-9B3F-8800BFBB4616}.Debug_x86|x86.Build.0 = Debug|x86
		{E53DE28E-2BE6-42A3-9B3F-8800BFBB4616}.Debug_x86|x86.Deploy.0 = Debug|x86
		{E53DE28E-2BE6-42A3-9B3F-8800BFBB4616}.Debug|Any CPU.ActiveCfg = Debug|Any CPU
		{E53DE28E-2BE6-42A3-9B3F-8800BFBB4616}.Debug|Any CPU.Build.0 = Debug|Any CPU
		{E53DE28E-2BE6-42A3-9B3F-8800BFBB4616}.Debug|Any CPU.Deploy.0 = Debug|Any CPU
		{E53DE28E-2BE6-42A3-9B3F-8800BFBB4616}.Debug|x86.ActiveCfg = Debug|x86
		{E53DE28E-2BE6-42A3-9B3F-8800BFBB4616}.Debug|x86.Build.0 = Debug|x86
		{E53DE28E-2BE6-42A3-9B3F-8800BFBB4616}.Debug|x86.Deploy.0 = Debug|x86
		{E53DE28E-2BE6-42A3-9B3F-8800BFBB4616}.Release|Any CPU.ActiveCfg = Release|Any CPU
		{E53DE28E-2BE6-42A3-9B3F-8800BFBB4616}.Release|Any CPU.Build.0 = Release|Any CPU
		{E53DE28E-2BE6-42A3-9B3F-8800BFBB4616}.Release|Any CPU.Deploy.0 = Release|Any CPU
		{E53DE28E-2BE6-42A3-9B3F-8800BFBB4616}.Release|x86.ActiveCfg = Release|x86
		{E53DE28E-2BE6-42A3-9B3F-8800BFBB4616}.Release|x86.Build.0 = Release|x86
		{E53DE28E-2BE6-42A3-9B3F-8800BFBB4616}.Release|x86.Deploy.0 = Release|x86
		{F303310D-7FA4-456B-B56A-BEBED650C133}.Debug_x86|Any CPU.ActiveCfg = Debug|Any CPU
		{F303310D-7FA4-456B-B56A-BEBED650C133}.Debug_x86|Any CPU.Build.0 = Debug|Any CPU
		{F303310D-7FA4-456B-B56A-BEBED650C133}.Debug_x86|Any CPU.Deploy.0 = Debug|Any CPU
		{F303310D-7FA4-456B-B56A-BEBED650C133}.Debug_x86|x86.ActiveCfg = Debug|Any CPU
		{F303310D-7FA4-456B-B56A-BEBED650C133}.Debug_x86|x86.Build.0 = Debug|Any CPU
		{F303310D-7FA4-456B-B56A-BEBED650C133}.Debug_x86|x86.Deploy.0 = Debug|Any CPU
		{F303310D-7FA4-456B-B56A-BEBED650C133}.Debug|Any CPU.ActiveCfg = Debug|Any CPU
		{F303310D-7FA4-456B-B56A-BEBED650C133}.Debug|Any CPU.Build.0 = Debug|Any CPU
		{F303310D-7FA4-456B-B56A-BEBED650C133}.Debug|Any CPU.Deploy.0 = Debug|Any CPU
		{F303310D-7FA4-456B-B56A-BEBED650C133}.Debug|x86.ActiveCfg = Debug|Any CPU
		{F303310D-7FA4-456B-B56A-BEBED650C133}.Debug|x86.Build.0 = Debug|Any CPU
		{F303310D-7FA4-456B-B56A-BEBED650C133}.Debug|x86.Deploy.0 = Debug|Any CPU
		{F303310D-7FA4-456B-B56A-BEBED650C133}.Release|Any CPU.ActiveCfg = Release|Any CPU
		{F303310D-7FA4-456B-B56A-BEBED650C133}.Release|Any CPU.Build.0 = Release|Any CPU
		{F303310D-7FA4-456B-B56A-BEBED650C133}.Release|Any CPU.Deploy.0 = Release|Any CPU
		{F303310D-7FA4-456B-B56A-BEBED650C133}.Release|x86.ActiveCfg = Release|Any CPU
		{F303310D-7FA4-456B-B56A-BEBED650C133}.Release|x86.Build.0 = Release|Any CPU
		{F303310D-7FA4-456B-B56A-BEBED650C133}.Release|x86.Deploy.0 = Release|Any CPU
		{9C0E6C0F-43E8-4E58-B02D-7292BC3E340F}.Debug_x86|Any CPU.ActiveCfg = Debug|Any CPU
		{9C0E6C0F-43E8-4E58-B02D-7292BC3E340F}.Debug_x86|Any CPU.Build.0 = Debug|Any CPU
		{9C0E6C0F-43E8-4E58-B02D-7292BC3E340F}.Debug_x86|x86.ActiveCfg = Debug|Any CPU
		{9C0E6C0F-43E8-4E58-B02D-7292BC3E340F}.Debug_x86|x86.Build.0 = Debug|Any CPU
		{9C0E6C0F-43E8-4E58-B02D-7292BC3E340F}.Debug|Any CPU.ActiveCfg = Debug|Any CPU
		{9C0E6C0F-43E8-4E58-B02D-7292BC3E340F}.Debug|Any CPU.Build.0 = Debug|Any CPU
		{9C0E6C0F-43E8-4E58-B02D-7292BC3E340F}.Debug|x86.ActiveCfg = Debug|Any CPU
		{9C0E6C0F-43E8-4E58-B02D-7292BC3E340F}.Debug|x86.Build.0 = Debug|Any CPU
		{9C0E6C0F-43E8-4E58-B02D-7292BC3E340F}.Release|Any CPU.ActiveCfg = Release|Any CPU
		{9C0E6C0F-43E8-4E58-B02D-7292BC3E340F}.Release|Any CPU.Build.0 = Release|Any CPU
		{9C0E6C0F-43E8-4E58-B02D-7292BC3E340F}.Release|x86.ActiveCfg = Release|Any CPU
		{9C0E6C0F-43E8-4E58-B02D-7292BC3E340F}.Release|x86.Build.0 = Release|Any CPU
		{CC5354E0-22E4-4C2C-996F-C99C73C0C040}.Debug_x86|Any CPU.ActiveCfg = Debug|Any CPU
		{CC5354E0-22E4-4C2C-996F-C99C73C0C040}.Debug_x86|Any CPU.Build.0 = Debug|Any CPU
		{CC5354E0-22E4-4C2C-996F-C99C73C0C040}.Debug_x86|x86.ActiveCfg = Debug|Any CPU
		{CC5354E0-22E4-4C2C-996F-C99C73C0C040}.Debug_x86|x86.Build.0 = Debug|Any CPU
		{CC5354E0-22E4-4C2C-996F-C99C73C0C040}.Debug|Any CPU.ActiveCfg = Debug|Any CPU
		{CC5354E0-22E4-4C2C-996F-C99C73C0C040}.Debug|Any CPU.Build.0 = Debug|Any CPU
		{CC5354E0-22E4-4C2C-996F-C99C73C0C040}.Debug|x86.ActiveCfg = Debug|Any CPU
		{CC5354E0-22E4-4C2C-996F-C99C73C0C040}.Debug|x86.Build.0 = Debug|Any CPU
		{CC5354E0-22E4-4C2C-996F-C99C73C0C040}.Release|Any CPU.ActiveCfg = Release|Any CPU
		{CC5354E0-22E4-4C2C-996F-C99C73C0C040}.Release|Any CPU.Build.0 = Release|Any CPU
		{CC5354E0-22E4-4C2C-996F-C99C73C0C040}.Release|x86.ActiveCfg = Release|Any CPU
		{CC5354E0-22E4-4C2C-996F-C99C73C0C040}.Release|x86.Build.0 = Release|Any CPU
	EndGlobalSection
	GlobalSection(SolutionProperties) = preSolution
		HideSolutionNode = FALSE
	EndGlobalSection
EndGlobal
